
Microsoft Visual Studio Solution File, Format Version 12.00
# Visual Studio Version 17
VisualStudioVersion = 17.7.34221.43
MinimumVisualStudioVersion = 10.0.40219.1
Project("{FAE04EC0-301F-11D3-BF4B-00C04F79EFBC}") = "WIthdarwLead", "WIthdarwLead\WIthdarwLead.csproj", "{414C170D-4BBE-4D6F-B4BC-EF08A6A874A3}"
EndProject
Global
	GlobalSection(SolutionConfigurationPlatforms) = preSolution
		Debug|Any CPU = Debug|Any CPU
		Release|Any CPU = Release|Any CPU
	EndGlobalSection
	GlobalSection(ProjectConfigurationPlatforms) = postSolution
		{414C170D-4BBE-4D6F-B4BC-EF08A6A874A3}.Debug|Any CPU.ActiveCfg = Debug|Any CPU
		{414C170D-4BBE-4D6F-B4BC-EF08A6A874A3}.Debug|Any CPU.Build.0 = Debug|Any CPU
		{414C170D-4BBE-4D6F-B4BC-EF08A6A874A3}.Release|Any CPU.ActiveCfg = Release|Any CPU
		{414C170D-4BBE-4D6F-B4BC-EF08A6A874A3}.Release|Any CPU.Build.0 = Release|Any CPU
	EndGlobalSection
	GlobalSection(SolutionProperties) = preSolution
		HideSolutionNode = FALSE
	EndGlobalSection
	GlobalSection(ExtensibilityGlobals) = postSolution
		SolutionGuid = {68DE40E8-7FA9-4BFF-82DA-FCF0F71C3C35}
	EndGlobalSection
EndGlobal
